
Microsoft Visual Studio Solution File, Format Version 12.00
# Visual Studio Version 17
VisualStudioVersion = 17.6.33829.357
MinimumVisualStudioVersion = 10.0.40219.1
Project("{FAE04EC0-301F-11D3-BF4B-00C04F79EFBC}") = "run", "run\run.csproj", "{CDC13AEE-C497-451A-8B73-4E6F4F486E44}"
EndProject
Global
	GlobalSection(SolutionConfigurationPlatforms) = preSolution
		Debug|Any CPU = Debug|Any CPU
		Release|Any CPU = Release|Any CPU
	EndGlobalSection
	GlobalSection(ProjectConfigurationPlatforms) = postSolution
		{CDC13AEE-C497-451A-8B73-4E6F4F486E44}.Debug|Any CPU.ActiveCfg = Debug|Any CPU
		{CDC13AEE-C497-451A-8B73-4E6F4F486E44}.Debug|Any CPU.Build.0 = Debug|Any CPU
		{CDC13AEE-C497-451A-8B73-4E6F4F486E44}.Release|Any CPU.ActiveCfg = Release|Any CPU
		{CDC13AEE-C497-451A-8B73-4E6F4F486E44}.Release|Any CPU.Build.0 = Release|Any CPU
	EndGlobalSection
	GlobalSection(SolutionProperties) = preSolution
		HideSolutionNode = FALSE
	EndGlobalSection
	GlobalSection(ExtensibilityGlobals) = postSolution
		SolutionGuid = {79D9B62B-286B-43B6-BB4D-ECA949907EDE}
	EndGlobalSection
EndGlobal
